
Microsoft Visual Studio Solution File, Format Version 12.00
Project("{FAE04EC0-301F-11D3-BF4B-00C04F79EFBC}") = "System Uznawania Przychodów dla dużej korporacji ABC", "System Uznawania Przychodów dla dużej korporacji ABC\System Uznawania Przychodów dla dużej korporacji ABC.csproj", "{AAA69735-8C7D-463C-8E6D-36F2916B6AB3}"
EndProject
Global
	GlobalSection(SolutionConfigurationPlatforms) = preSolution
		Debug|Any CPU = Debug|Any CPU
		Release|Any CPU = Release|Any CPU
	EndGlobalSection
	GlobalSection(ProjectConfigurationPlatforms) = postSolution
		{AAA69735-8C7D-463C-8E6D-36F2916B6AB3}.Debug|Any CPU.ActiveCfg = Debug|Any CPU
		{AAA69735-8C7D-463C-8E6D-36F2916B6AB3}.Debug|Any CPU.Build.0 = Debug|Any CPU
		{AAA69735-8C7D-463C-8E6D-36F2916B6AB3}.Release|Any CPU.ActiveCfg = Release|Any CPU
		{AAA69735-8C7D-463C-8E6D-36F2916B6AB3}.Release|Any CPU.Build.0 = Release|Any CPU
	EndGlobalSection
EndGlobal
